
Microsoft Visual Studio Solution File, Format Version 12.00
# Visual Studio 15
VisualStudioVersion = 15.0.27703.2035
MinimumVisualStudioVersion = 10.0.40219.1
Project("{FAE04EC0-301F-11D3-BF4B-00C04F79EFBC}") = "WindowsForms_Thread_Demo", "WindowsFormsApplication1\WindowsForms_Thread_Demo.csproj", "{17FE56E5-749C-4133-92C0-D9DA11B582FC}"
EndProject
Project("{FAE04EC0-301F-11D3-BF4B-00C04F79EFBC}") = "TcpThreads", "ThreadPoolProject\TcpThreads.csproj", "{4AD85B18-4ACA-41C0-968F-45C4B1DA2676}"
EndProject
Project("{FAE04EC0-301F-11D3-BF4B-00C04F79EFBC}") = "设计模式", "设计模式\设计模式.csproj", "{5ADB879B-99F1-44A1-8E83-D177E7DF7E1D}"
EndProject
Project("{FAE04EC0-301F-11D3-BF4B-00C04F79EFBC}") = "WpfApplication1", "WpfApplication1\WpfApplication1.csproj", "{4C82C213-DFE2-4E41-B435-E66F1CC57B9D}"
EndProject
Project("{FAE04EC0-301F-11D3-BF4B-00C04F79EFBC}") = "GDIPaint", "GDIPaint\GDIPaint.csproj", "{8619B6B1-6808-4ACD-9DA7-B55C1C7A78A6}"
EndProject
Project("{FAE04EC0-301F-11D3-BF4B-00C04F79EFBC}") = "SerialPortProject", "COMPortProject\SerialPortProject.csproj", "{CE0DB17D-0368-44CB-8D36-964FA655DF55}"
EndProject
Project("{FAE04EC0-301F-11D3-BF4B-00C04F79EFBC}") = "LambdaProject", "LambdaProject\LambdaProject.csproj", "{0920C1EC-30EF-4A86-BB74-E10335BA55AE}"
EndProject
Project("{FAE04EC0-301F-11D3-BF4B-00C04F79EFBC}") = "HostDataGridView", "HostDataGridView\HostDataGridView.csproj", "{84147755-C018-4846-B0D2-02EF5E94C03F}"
EndProject
Project("{FAE04EC0-301F-11D3-BF4B-00C04F79EFBC}") = "QRCode", "QRCode\QRCode.csproj", "{136DA911-3D93-41C6-BC9E-F0D680E59C0F}"
EndProject
Project("{FAE04EC0-301F-11D3-BF4B-00C04F79EFBC}") = "LinqProject", "LinqProject\LinqProject.csproj", "{A8373C86-0A30-4D58-98C6-6B1D4790D5FA}"
EndProject
Project("{FAE04EC0-301F-11D3-BF4B-00C04F79EFBC}") = "SQLServerEntityProject", "SQLServerEntityProject\SQLServerEntityProject.csproj", "{09E97207-F38F-4961-BD2D-86F16DC908AE}"
EndProject
Project("{FAE04EC0-301F-11D3-BF4B-00C04F79EFBC}") = "HeadFirstProject", "HeadFirstProject\HeadFirstProject.csproj", "{CA085B63-7ECC-4C95-A591-2FAF35E7E5D8}"
EndProject
Project("{FAE04EC0-301F-11D3-BF4B-00C04F79EFBC}") = "WebServiceProject", "WebServiceProject\WebServiceProject.csproj", "{212A320B-5163-4930-9333-103441371407}"
EndProject
Project("{FAE04EC0-301F-11D3-BF4B-00C04F79EFBC}") = "WebServiceTest", "WebServiceTest\WebServiceTest.csproj", "{67B48DD4-082D-4B13-B769-B67D8390F418}"
EndProject
Project("{FAE04EC0-301F-11D3-BF4B-00C04F79EFBC}") = "DelegateEventProject", "DelegateEventProject\DelegateEventProject.csproj", "{1BB26715-1B04-4FD0-84E0-0CCF17A6AB4D}"
EndProject
Project("{FAE04EC0-301F-11D3-BF4B-00C04F79EFBC}") = "TCPRobot", "RobotTCP\TCPRobot.csproj", "{6A6BB4D0-285B-47BB-A477-642AC1FF7E1F}"
EndProject
Project("{FAE04EC0-301F-11D3-BF4B-00C04F79EFBC}") = "ModbusTCP", "ModbusTCP\ModbusTCP.csproj", "{CCB4DE09-D2B4-4BF5-AAA0-4B537EBF6AEE}"
EndProject
Project("{FAE04EC0-301F-11D3-BF4B-00C04F79EFBC}") = "MySercice", "MySercice\MySercice.csproj", "{E305FB67-5D3D-4515-A7EB-19B34BDB4140}"
EndProject
Project("{FAE04EC0-301F-11D3-BF4B-00C04F79EFBC}") = "ControlProject", "WinformProject\ControlProject.csproj", "{73E5CC23-F4F8-4B07-8B10-88B87967DF7E}"
EndProject
Project("{FAE04EC0-301F-11D3-BF4B-00C04F79EFBC}") = "EventSubTriggerProject", "EventSubTriggerProject\EventSubTriggerProject.csproj", "{DF359C73-1257-4ED7-A722-47B8A909A827}"
EndProject
Project("{FAE04EC0-301F-11D3-BF4B-00C04F79EFBC}") = "WindowsServiceTest", "WindowsServiceTest\WindowsServiceTest.csproj", "{A952D378-826D-4CAB-9C3C-4740ECA33972}"
EndProject
Project("{FAE04EC0-301F-11D3-BF4B-00C04F79EFBC}") = "WindowsServiceTestUI", "WindowsServiceTestUI\WindowsServiceTestUI.csproj", "{FECF5B20-CBCA-4286-A531-B752FAA63B37}"
EndProject
Project("{FAE04EC0-301F-11D3-BF4B-00C04F79EFBC}") = "程序加密", "程序加密\程序加密.csproj", "{386257A7-7E4D-4E49-9A3B-743C800D5F7D}"
EndProject
Project("{FAE04EC0-301F-11D3-BF4B-00C04F79EFBC}") = "泛型使用", "泛型使用\泛型使用.csproj", "{7761CA31-58C5-42E5-B6BE-2DE122D7A207}"
EndProject
Project("{FAE04EC0-301F-11D3-BF4B-00C04F79EFBC}") = "委托Lambda", "委托Lambda\委托Lambda.csproj", "{4121785F-8F3B-4F95-A0F6-52DF725831BA}"
EndProject
Project("{FAE04EC0-301F-11D3-BF4B-00C04F79EFBC}") = "窗体退出优化", "窗体退出优化\窗体退出优化.csproj", "{92645AB5-19DA-4FB9-ABF6-68E7C77DA261}"
EndProject
Project("{FAE04EC0-301F-11D3-BF4B-00C04F79EFBC}") = "MVCInWinformProject", "MVCInWinformProject\MVCInWinformProject.csproj", "{DD5A497F-0BD9-46BD-950C-9CC896BF64B3}"
EndProject
Project("{FAE04EC0-301F-11D3-BF4B-00C04F79EFBC}") = "堆栈队列", "堆栈队列\堆栈队列.csproj", "{7FE1C378-354B-4E3E-812F-1B99469A8150}"
EndProject
Project("{FAE04EC0-301F-11D3-BF4B-00C04F79EFBC}") = "DotNetBarProject", "DotNetBarProject\DotNetBarProject.csproj", "{58937FB5-4DF7-4673-8B22-D4EFCC08968B}"
EndProject
Project("{FAE04EC0-301F-11D3-BF4B-00C04F79EFBC}") = "算法", "算法\算法.csproj", "{030D2C98-6621-4737-B465-A1FA48B701BC}"
EndProject
Global
	GlobalSection(SolutionConfigurationPlatforms) = preSolution
		Debug|Any CPU = Debug|Any CPU
		Debug|Mixed Platforms = Debug|Mixed Platforms
		Debug|x64 = Debug|x64
		Debug|x86 = Debug|x86
		Release|Any CPU = Release|Any CPU
		Release|Mixed Platforms = Release|Mixed Platforms
		Release|x64 = Release|x64
		Release|x86 = Release|x86
	EndGlobalSection
	GlobalSection(ProjectConfigurationPlatforms) = postSolution
		{17FE56E5-749C-4133-92C0-D9DA11B582FC}.Debug|Any CPU.ActiveCfg = Debug|Any CPU
		{17FE56E5-749C-4133-92C0-D9DA11B582FC}.Debug|Any CPU.Build.0 = Debug|Any CPU
		{17FE56E5-749C-4133-92C0-D9DA11B582FC}.Debug|Mixed Platforms.ActiveCfg = Debug|Any CPU
		{17FE56E5-749C-4133-92C0-D9DA11B582FC}.Debug|Mixed Platforms.Build.0 = Debug|Any CPU
		{17FE56E5-749C-4133-92C0-D9DA11B582FC}.Debug|x64.ActiveCfg = Debug|Any CPU
		{17FE56E5-749C-4133-92C0-D9DA11B582FC}.Debug|x64.Build.0 = Debug|Any CPU
		{17FE56E5-749C-4133-92C0-D9DA11B582FC}.Debug|x86.ActiveCfg = Debug|Any CPU
		{17FE56E5-749C-4133-92C0-D9DA11B582FC}.Release|Any CPU.ActiveCfg = Release|Any CPU
		{17FE56E5-749C-4133-92C0-D9DA11B582FC}.Release|Any CPU.Build.0 = Release|Any CPU
		{17FE56E5-749C-4133-92C0-D9DA11B582FC}.Release|Mixed Platforms.ActiveCfg = Release|Any CPU
		{17FE56E5-749C-4133-92C0-D9DA11B582FC}.Release|Mixed Platforms.Build.0 = Release|Any CPU
		{17FE56E5-749C-4133-92C0-D9DA11B582FC}.Release|x64.ActiveCfg = Release|Any CPU
		{17FE56E5-749C-4133-92C0-D9DA11B582FC}.Release|x64.Build.0 = Release|Any CPU
		{17FE56E5-749C-4133-92C0-D9DA11B582FC}.Release|x86.ActiveCfg = Release|Any CPU
		{4AD85B18-4ACA-41C0-968F-45C4B1DA2676}.Debug|Any CPU.ActiveCfg = Debug|Any CPU
		{4AD85B18-4ACA-41C0-968F-45C4B1DA2676}.Debug|Any CPU.Build.0 = Debug|Any CPU
		{4AD85B18-4ACA-41C0-968F-45C4B1DA2676}.Debug|Mixed Platforms.ActiveCfg = Debug|Any CPU
		{4AD85B18-4ACA-41C0-968F-45C4B1DA2676}.Debug|Mixed Platforms.Build.0 = Debug|Any CPU
		{4AD85B18-4ACA-41C0-968F-45C4B1DA2676}.Debug|x64.ActiveCfg = Debug|Any CPU
		{4AD85B18-4ACA-41C0-968F-45C4B1DA2676}.Debug|x64.Build.0 = Debug|Any CPU
		{4AD85B18-4ACA-41C0-968F-45C4B1DA2676}.Debug|x86.ActiveCfg = Debug|Any CPU
		{4AD85B18-4ACA-41C0-968F-45C4B1DA2676}.Release|Any CPU.ActiveCfg = Release|Any CPU
		{4AD85B18-4ACA-41C0-968F-45C4B1DA2676}.Release|Any CPU.Build.0 = Release|Any CPU
		{4AD85B18-4ACA-41C0-968F-45C4B1DA2676}.Release|Mixed Platforms.ActiveCfg = Release|Any CPU
		{4AD85B18-4ACA-41C0-968F-45C4B1DA2676}.Release|Mixed Platforms.Build.0 = Release|Any CPU
		{4AD85B18-4ACA-41C0-968F-45C4B1DA2676}.Release|x64.ActiveCfg = Release|Any CPU
		{4AD85B18-4ACA-41C0-968F-45C4B1DA2676}.Release|x64.Build.0 = Release|Any CPU
		{4AD85B18-4ACA-41C0-968F-45C4B1DA2676}.Release|x86.ActiveCfg = Release|Any CPU
		{5ADB879B-99F1-44A1-8E83-D177E7DF7E1D}.Debug|Any CPU.ActiveCfg = Debug|Any CPU
		{5ADB879B-99F1-44A1-8E83-D177E7DF7E1D}.Debug|Any CPU.Build.0 = Debug|Any CPU
		{5ADB879B-99F1-44A1-8E83-D177E7DF7E1D}.Debug|Mixed Platforms.ActiveCfg = Debug|Any CPU
		{5ADB879B-99F1-44A1-8E83-D177E7DF7E1D}.Debug|Mixed Platforms.Build.0 = Debug|Any CPU
		{5ADB879B-99F1-44A1-8E83-D177E7DF7E1D}.Debug|x64.ActiveCfg = Debug|Any CPU
		{5ADB879B-99F1-44A1-8E83-D177E7DF7E1D}.Debug|x64.Build.0 = Debug|Any CPU
		{5ADB879B-99F1-44A1-8E83-D177E7DF7E1D}.Debug|x86.ActiveCfg = Debug|Any CPU
		{5ADB879B-99F1-44A1-8E83-D177E7DF7E1D}.Release|Any CPU.ActiveCfg = Release|Any CPU
		{5ADB879B-99F1-44A1-8E83-D177E7DF7E1D}.Release|Any CPU.Build.0 = Release|Any CPU
		{5ADB879B-99F1-44A1-8E83-D177E7DF7E1D}.Release|Mixed Platforms.ActiveCfg = Release|Any CPU
		{5ADB879B-99F1-44A1-8E83-D177E7DF7E1D}.Release|Mixed Platforms.Build.0 = Release|Any CPU
		{5ADB879B-99F1-44A1-8E83-D177E7DF7E1D}.Release|x64.ActiveCfg = Release|Any CPU
		{5ADB879B-99F1-44A1-8E83-D177E7DF7E1D}.Release|x64.Build.0 = Release|Any CPU
		{5ADB879B-99F1-44A1-8E83-D177E7DF7E1D}.Release|x86.ActiveCfg = Release|Any CPU
		{4C82C213-DFE2-4E41-B435-E66F1CC57B9D}.Debug|Any CPU.ActiveCfg = Debug|Any CPU
		{4C82C213-DFE2-4E41-B435-E66F1CC57B9D}.Debug|Any CPU.Build.0 = Debug|Any CPU
		{4C82C213-DFE2-4E41-B435-E66F1CC57B9D}.Debug|Mixed Platforms.ActiveCfg = Debug|Any CPU
		{4C82C213-DFE2-4E41-B435-E66F1CC57B9D}.Debug|Mixed Platforms.Build.0 = Debug|Any CPU
		{4C82C213-DFE2-4E41-B435-E66F1CC57B9D}.Debug|x64.ActiveCfg = Debug|Any CPU
		{4C82C213-DFE2-4E41-B435-E66F1CC57B9D}.Debug|x64.Build.0 = Debug|Any CPU
		{4C82C213-DFE2-4E41-B435-E66F1CC57B9D}.Debug|x86.ActiveCfg = Debug|Any CPU
		{4C82C213-DFE2-4E41-B435-E66F1CC57B9D}.Release|Any CPU.ActiveCfg = Release|Any CPU
		{4C82C213-DFE2-4E41-B435-E66F1CC57B9D}.Release|Any CPU.Build.0 = Release|Any CPU
		{4C82C213-DFE2-4E41-B435-E66F1CC57B9D}.Release|Mixed Platforms.ActiveCfg = Release|Any CPU
		{4C82C213-DFE2-4E41-B435-E66F1CC57B9D}.Release|Mixed Platforms.Build.0 = Release|Any CPU
		{4C82C213-DFE2-4E41-B435-E66F1CC57B9D}.Release|x64.ActiveCfg = Release|Any CPU
		{4C82C213-DFE2-4E41-B435-E66F1CC57B9D}.Release|x64.Build.0 = Release|Any CPU
		{4C82C213-DFE2-4E41-B435-E66F1CC57B9D}.Release|x86.ActiveCfg = Release|Any CPU
		{8619B6B1-6808-4ACD-9DA7-B55C1C7A78A6}.Debug|Any CPU.ActiveCfg = Debug|Any CPU
		{8619B6B1-6808-4ACD-9DA7-B55C1C7A78A6}.Debug|Any CPU.Build.0 = Debug|Any CPU
		{8619B6B1-6808-4ACD-9DA7-B55C1C7A78A6}.Debug|Mixed Platforms.ActiveCfg = Debug|Any CPU
		{8619B6B1-6808-4ACD-9DA7-B55C1C7A78A6}.Debug|Mixed Platforms.Build.0 = Debug|Any CPU
		{8619B6B1-6808-4ACD-9DA7-B55C1C7A78A6}.Debug|x64.ActiveCfg = Debug|Any CPU
		{8619B6B1-6808-4ACD-9DA7-B55C1C7A78A6}.Debug|x64.Build.0 = Debug|Any CPU
		{8619B6B1-6808-4ACD-9DA7-B55C1C7A78A6}.Debug|x86.ActiveCfg = Debug|Any CPU
		{8619B6B1-6808-4ACD-9DA7-B55C1C7A78A6}.Release|Any CPU.ActiveCfg = Release|Any CPU
		{8619B6B1-6808-4ACD-9DA7-B55C1C7A78A6}.Release|Any CPU.Build.0 = Release|Any CPU
		{8619B6B1-6808-4ACD-9DA7-B55C1C7A78A6}.Release|Mixed Platforms.ActiveCfg = Release|Any CPU
		{8619B6B1-6808-4ACD-9DA7-B55C1C7A78A6}.Release|Mixed Platforms.Build.0 = Release|Any CPU
		{8619B6B1-6808-4ACD-9DA7-B55C1C7A78A6}.Release|x64.ActiveCfg = Release|Any CPU
		{8619B6B1-6808-4ACD-9DA7-B55C1C7A78A6}.Release|x64.Build.0 = Release|Any CPU
		{8619B6B1-6808-4ACD-9DA7-B55C1C7A78A6}.Release|x86.ActiveCfg = Release|Any CPU
		{CE0DB17D-0368-44CB-8D36-964FA655DF55}.Debug|Any CPU.ActiveCfg = Debug|Any CPU
		{CE0DB17D-0368-44CB-8D36-964FA655DF55}.Debug|Any CPU.Build.0 = Debug|Any CPU
		{CE0DB17D-0368-44CB-8D36-964FA655DF55}.Debug|Mixed Platforms.ActiveCfg = Debug|Any CPU
		{CE0DB17D-0368-44CB-8D36-964FA655DF55}.Debug|Mixed Platforms.Build.0 = Debug|Any CPU
		{CE0DB17D-0368-44CB-8D36-964FA655DF55}.Debug|x64.ActiveCfg = Debug|Any CPU
		{CE0DB17D-0368-44CB-8D36-964FA655DF55}.Debug|x64.Build.0 = Debug|Any CPU
		{CE0DB17D-0368-44CB-8D36-964FA655DF55}.Debug|x86.ActiveCfg = Debug|Any CPU
		{CE0DB17D-0368-44CB-8D36-964FA655DF55}.Release|Any CPU.ActiveCfg = Release|Any CPU
		{CE0DB17D-0368-44CB-8D36-964FA655DF55}.Release|Any CPU.Build.0 = Release|Any CPU
		{CE0DB17D-0368-44CB-8D36-964FA655DF55}.Release|Mixed Platforms.ActiveCfg = Release|Any CPU
		{CE0DB17D-0368-44CB-8D36-964FA655DF55}.Release|Mixed Platforms.Build.0 = Release|Any CPU
		{CE0DB17D-0368-44CB-8D36-964FA655DF55}.Release|x64.ActiveCfg = Release|Any CPU
		{CE0DB17D-0368-44CB-8D36-964FA655DF55}.Release|x64.Build.0 = Release|Any CPU
		{CE0DB17D-0368-44CB-8D36-964FA655DF55}.Release|x86.ActiveCfg = Release|Any CPU
		{0920C1EC-30EF-4A86-BB74-E10335BA55AE}.Debug|Any CPU.ActiveCfg = Debug|Any CPU
		{0920C1EC-30EF-4A86-BB74-E10335BA55AE}.Debug|Any CPU.Build.0 = Debug|Any CPU
		{0920C1EC-30EF-4A86-BB74-E10335BA55AE}.Debug|Mixed Platforms.ActiveCfg = Debug|Any CPU
		{0920C1EC-30EF-4A86-BB74-E10335BA55AE}.Debug|Mixed Platforms.Build.0 = Debug|Any CPU
		{0920C1EC-30EF-4A86-BB74-E10335BA55AE}.Debug|x64.ActiveCfg = Debug|Any CPU
		{0920C1EC-30EF-4A86-BB74-E10335BA55AE}.Debug|x64.Build.0 = Debug|Any CPU
		{0920C1EC-30EF-4A86-BB74-E10335BA55AE}.Debug|x86.ActiveCfg = Debug|Any CPU
		{0920C1EC-30EF-4A86-BB74-E10335BA55AE}.Release|Any CPU.ActiveCfg = Release|Any CPU
		{0920C1EC-30EF-4A86-BB74-E10335BA55AE}.Release|Any CPU.Build.0 = Release|Any CPU
		{0920C1EC-30EF-4A86-BB74-E10335BA55AE}.Release|Mixed Platforms.ActiveCfg = Release|Any CPU
		{0920C1EC-30EF-4A86-BB74-E10335BA55AE}.Release|Mixed Platforms.Build.0 = Release|Any CPU
		{0920C1EC-30EF-4A86-BB74-E10335BA55AE}.Release|x64.ActiveCfg = Release|Any CPU
		{0920C1EC-30EF-4A86-BB74-E10335BA55AE}.Release|x64.Build.0 = Release|Any CPU
		{0920C1EC-30EF-4A86-BB74-E10335BA55AE}.Release|x86.ActiveCfg = Release|Any CPU
		{84147755-C018-4846-B0D2-02EF5E94C03F}.Debug|Any CPU.ActiveCfg = Debug|Any CPU
		{84147755-C018-4846-B0D2-02EF5E94C03F}.Debug|Any CPU.Build.0 = Debug|Any CPU
		{84147755-C018-4846-B0D2-02EF5E94C03F}.Debug|Mixed Platforms.ActiveCfg = Debug|Any CPU
		{84147755-C018-4846-B0D2-02EF5E94C03F}.Debug|Mixed Platforms.Build.0 = Debug|Any CPU
		{84147755-C018-4846-B0D2-02EF5E94C03F}.Debug|x64.ActiveCfg = Debug|Any CPU
		{84147755-C018-4846-B0D2-02EF5E94C03F}.Debug|x64.Build.0 = Debug|Any CPU
		{84147755-C018-4846-B0D2-02EF5E94C03F}.Debug|x86.ActiveCfg = Debug|Any CPU
		{84147755-C018-4846-B0D2-02EF5E94C03F}.Release|Any CPU.ActiveCfg = Release|Any CPU
		{84147755-C018-4846-B0D2-02EF5E94C03F}.Release|Any CPU.Build.0 = Release|Any CPU
		{84147755-C018-4846-B0D2-02EF5E94C03F}.Release|Mixed Platforms.ActiveCfg = Release|Any CPU
		{84147755-C018-4846-B0D2-02EF5E94C03F}.Release|Mixed Platforms.Build.0 = Release|Any CPU
		{84147755-C018-4846-B0D2-02EF5E94C03F}.Release|x64.ActiveCfg = Release|Any CPU
		{84147755-C018-4846-B0D2-02EF5E94C03F}.Release|x64.Build.0 = Release|Any CPU
		{84147755-C018-4846-B0D2-02EF5E94C03F}.Release|x86.ActiveCfg = Release|Any CPU
		{136DA911-3D93-41C6-BC9E-F0D680E59C0F}.Debug|Any CPU.ActiveCfg = Debug|Any CPU
		{136DA911-3D93-41C6-BC9E-F0D680E59C0F}.Debug|Any CPU.Build.0 = Debug|Any CPU
		{136DA911-3D93-41C6-BC9E-F0D680E59C0F}.Debug|Mixed Platforms.ActiveCfg = Debug|Any CPU
		{136DA911-3D93-41C6-BC9E-F0D680E59C0F}.Debug|Mixed Platforms.Build.0 = Debug|Any CPU
		{136DA911-3D93-41C6-BC9E-F0D680E59C0F}.Debug|x64.ActiveCfg = Debug|Any CPU
		{136DA911-3D93-41C6-BC9E-F0D680E59C0F}.Debug|x64.Build.0 = Debug|Any CPU
		{136DA911-3D93-41C6-BC9E-F0D680E59C0F}.Debug|x86.ActiveCfg = Debug|Any CPU
		{136DA911-3D93-41C6-BC9E-F0D680E59C0F}.Release|Any CPU.ActiveCfg = Release|Any CPU
		{136DA911-3D93-41C6-BC9E-F0D680E59C0F}.Release|Any CPU.Build.0 = Release|Any CPU
		{136DA911-3D93-41C6-BC9E-F0D680E59C0F}.Release|Mixed Platforms.ActiveCfg = Release|Any CPU
		{136DA911-3D93-41C6-BC9E-F0D680E59C0F}.Release|Mixed Platforms.Build.0 = Release|Any CPU
		{136DA911-3D93-41C6-BC9E-F0D680E59C0F}.Release|x64.ActiveCfg = Release|Any CPU
		{136DA911-3D93-41C6-BC9E-F0D680E59C0F}.Release|x64.Build.0 = Release|Any CPU
		{136DA911-3D93-41C6-BC9E-F0D680E59C0F}.Release|x86.ActiveCfg = Release|Any CPU
		{A8373C86-0A30-4D58-98C6-6B1D4790D5FA}.Debug|Any CPU.ActiveCfg = Debug|Any CPU
		{A8373C86-0A30-4D58-98C6-6B1D4790D5FA}.Debug|Any CPU.Build.0 = Debug|Any CPU
		{A8373C86-0A30-4D58-98C6-6B1D4790D5FA}.Debug|Mixed Platforms.ActiveCfg = Debug|Any CPU
		{A8373C86-0A30-4D58-98C6-6B1D4790D5FA}.Debug|Mixed Platforms.Build.0 = Debug|Any CPU
		{A8373C86-0A30-4D58-98C6-6B1D4790D5FA}.Debug|x64.ActiveCfg = Debug|Any CPU
		{A8373C86-0A30-4D58-98C6-6B1D4790D5FA}.Debug|x64.Build.0 = Debug|Any CPU
		{A8373C86-0A30-4D58-98C6-6B1D4790D5FA}.Debug|x86.ActiveCfg = Debug|Any CPU
		{A8373C86-0A30-4D58-98C6-6B1D4790D5FA}.Release|Any CPU.ActiveCfg = Release|Any CPU
		{A8373C86-0A30-4D58-98C6-6B1D4790D5FA}.Release|Any CPU.Build.0 = Release|Any CPU
		{A8373C86-0A30-4D58-98C6-6B1D4790D5FA}.Release|Mixed Platforms.ActiveCfg = Release|Any CPU
		{A8373C86-0A30-4D58-98C6-6B1D4790D5FA}.Release|Mixed Platforms.Build.0 = Release|Any CPU
		{A8373C86-0A30-4D58-98C6-6B1D4790D5FA}.Release|x64.ActiveCfg = Release|Any CPU
		{A8373C86-0A30-4D58-98C6-6B1D4790D5FA}.Release|x64.Build.0 = Release|Any CPU
		{A8373C86-0A30-4D58-98C6-6B1D4790D5FA}.Release|x86.ActiveCfg = Release|Any CPU
		{09E97207-F38F-4961-BD2D-86F16DC908AE}.Debug|Any CPU.ActiveCfg = Debug|Any CPU
		{09E97207-F38F-4961-BD2D-86F16DC908AE}.Debug|Any CPU.Build.0 = Debug|Any CPU
		{09E97207-F38F-4961-BD2D-86F16DC908AE}.Debug|Mixed Platforms.ActiveCfg = Debug|Any CPU
		{09E97207-F38F-4961-BD2D-86F16DC908AE}.Debug|Mixed Platforms.Build.0 = Debug|Any CPU
		{09E97207-F38F-4961-BD2D-86F16DC908AE}.Debug|x64.ActiveCfg = Debug|Any CPU
		{09E97207-F38F-4961-BD2D-86F16DC908AE}.Debug|x64.Build.0 = Debug|Any CPU
		{09E97207-F38F-4961-BD2D-86F16DC908AE}.Debug|x86.ActiveCfg = Debug|Any CPU
		{09E97207-F38F-4961-BD2D-86F16DC908AE}.Release|Any CPU.ActiveCfg = Release|Any CPU
		{09E97207-F38F-4961-BD2D-86F16DC908AE}.Release|Any CPU.Build.0 = Release|Any CPU
		{09E97207-F38F-4961-BD2D-86F16DC908AE}.Release|Mixed Platforms.ActiveCfg = Release|Any CPU
		{09E97207-F38F-4961-BD2D-86F16DC908AE}.Release|Mixed Platforms.Build.0 = Release|Any CPU
		{09E97207-F38F-4961-BD2D-86F16DC908AE}.Release|x64.ActiveCfg = Release|Any CPU
		{09E97207-F38F-4961-BD2D-86F16DC908AE}.Release|x64.Build.0 = Release|Any CPU
		{09E97207-F38F-4961-BD2D-86F16DC908AE}.Release|x86.ActiveCfg = Release|Any CPU
		{CA085B63-7ECC-4C95-A591-2FAF35E7E5D8}.Debug|Any CPU.ActiveCfg = Debug|Any CPU
		{CA085B63-7ECC-4C95-A591-2FAF35E7E5D8}.Debug|Any CPU.Build.0 = Debug|Any CPU
		{CA085B63-7ECC-4C95-A591-2FAF35E7E5D8}.Debug|Mixed Platforms.ActiveCfg = Debug|Any CPU
		{CA085B63-7ECC-4C95-A591-2FAF35E7E5D8}.Debug|Mixed Platforms.Build.0 = Debug|Any CPU
		{CA085B63-7ECC-4C95-A591-2FAF35E7E5D8}.Debug|x64.ActiveCfg = Debug|Any CPU
		{CA085B63-7ECC-4C95-A591-2FAF35E7E5D8}.Debug|x64.Build.0 = Debug|Any CPU
		{CA085B63-7ECC-4C95-A591-2FAF35E7E5D8}.Debug|x86.ActiveCfg = Debug|Any CPU
		{CA085B63-7ECC-4C95-A591-2FAF35E7E5D8}.Debug|x86.Build.0 = Debug|Any CPU
		{CA085B63-7ECC-4C95-A591-2FAF35E7E5D8}.Release|Any CPU.ActiveCfg = Release|Any CPU
		{CA085B63-7ECC-4C95-A591-2FAF35E7E5D8}.Release|Any CPU.Build.0 = Release|Any CPU
		{CA085B63-7ECC-4C95-A591-2FAF35E7E5D8}.Release|Mixed Platforms.ActiveCfg = Release|Any CPU
		{CA085B63-7ECC-4C95-A591-2FAF35E7E5D8}.Release|Mixed Platforms.Build.0 = Release|Any CPU
		{CA085B63-7ECC-4C95-A591-2FAF35E7E5D8}.Release|x64.ActiveCfg = Release|Any CPU
		{CA085B63-7ECC-4C95-A591-2FAF35E7E5D8}.Release|x64.Build.0 = Release|Any CPU
		{CA085B63-7ECC-4C95-A591-2FAF35E7E5D8}.Release|x86.ActiveCfg = Release|Any CPU
		{CA085B63-7ECC-4C95-A591-2FAF35E7E5D8}.Release|x86.Build.0 = Release|Any CPU
		{212A320B-5163-4930-9333-103441371407}.Debug|Any CPU.ActiveCfg = Debug|Any CPU
		{212A320B-5163-4930-9333-103441371407}.Debug|Any CPU.Build.0 = Debug|Any CPU
		{212A320B-5163-4930-9333-103441371407}.Debug|Mixed Platforms.ActiveCfg = Debug|Any CPU
		{212A320B-5163-4930-9333-103441371407}.Debug|Mixed Platforms.Build.0 = Debug|Any CPU
		{212A320B-5163-4930-9333-103441371407}.Debug|x64.ActiveCfg = Debug|Any CPU
		{212A320B-5163-4930-9333-103441371407}.Debug|x64.Build.0 = Debug|Any CPU
		{212A320B-5163-4930-9333-103441371407}.Debug|x86.ActiveCfg = Debug|Any CPU
		{212A320B-5163-4930-9333-103441371407}.Debug|x86.Build.0 = Debug|Any CPU
		{212A320B-5163-4930-9333-103441371407}.Release|Any CPU.ActiveCfg = Release|Any CPU
		{212A320B-5163-4930-9333-103441371407}.Release|Any CPU.Build.0 = Release|Any CPU
		{212A320B-5163-4930-9333-103441371407}.Release|Mixed Platforms.ActiveCfg = Release|Any CPU
		{212A320B-5163-4930-9333-103441371407}.Release|Mixed Platforms.Build.0 = Release|Any CPU
		{212A320B-5163-4930-9333-103441371407}.Release|x64.ActiveCfg = Release|Any CPU
		{212A320B-5163-4930-9333-103441371407}.Release|x64.Build.0 = Release|Any CPU
		{212A320B-5163-4930-9333-103441371407}.Release|x86.ActiveCfg = Release|Any CPU
		{212A320B-5163-4930-9333-103441371407}.Release|x86.Build.0 = Release|Any CPU
		{67B48DD4-082D-4B13-B769-B67D8390F418}.Debug|Any CPU.ActiveCfg = Debug|Any CPU
		{67B48DD4-082D-4B13-B769-B67D8390F418}.Debug|Any CPU.Build.0 = Debug|Any CPU
		{67B48DD4-082D-4B13-B769-B67D8390F418}.Debug|Mixed Platforms.ActiveCfg = Debug|Any CPU
		{67B48DD4-082D-4B13-B769-B67D8390F418}.Debug|Mixed Platforms.Build.0 = Debug|Any CPU
		{67B48DD4-082D-4B13-B769-B67D8390F418}.Debug|x64.ActiveCfg = Debug|Any CPU
		{67B48DD4-082D-4B13-B769-B67D8390F418}.Debug|x64.Build.0 = Debug|Any CPU
		{67B48DD4-082D-4B13-B769-B67D8390F418}.Debug|x86.ActiveCfg = Debug|Any CPU
		{67B48DD4-082D-4B13-B769-B67D8390F418}.Debug|x86.Build.0 = Debug|Any CPU
		{67B48DD4-082D-4B13-B769-B67D8390F418}.Release|Any CPU.ActiveCfg = Release|Any CPU
		{67B48DD4-082D-4B13-B769-B67D8390F418}.Release|Any CPU.Build.0 = Release|Any CPU
		{67B48DD4-082D-4B13-B769-B67D8390F418}.Release|Mixed Platforms.ActiveCfg = Release|Any CPU
		{67B48DD4-082D-4B13-B769-B67D8390F418}.Release|Mixed Platforms.Build.0 = Release|Any CPU
		{67B48DD4-082D-4B13-B769-B67D8390F418}.Release|x64.ActiveCfg = Release|Any CPU
		{67B48DD4-082D-4B13-B769-B67D8390F418}.Release|x64.Build.0 = Release|Any CPU
		{67B48DD4-082D-4B13-B769-B67D8390F418}.Release|x86.ActiveCfg = Release|Any CPU
		{67B48DD4-082D-4B13-B769-B67D8390F418}.Release|x86.Build.0 = Release|Any CPU
		{1BB26715-1B04-4FD0-84E0-0CCF17A6AB4D}.Debug|Any CPU.ActiveCfg = Debug|Any CPU
		{1BB26715-1B04-4FD0-84E0-0CCF17A6AB4D}.Debug|Any CPU.Build.0 = Debug|Any CPU
		{1BB26715-1B04-4FD0-84E0-0CCF17A6AB4D}.Debug|Mixed Platforms.ActiveCfg = Debug|Any CPU
		{1BB26715-1B04-4FD0-84E0-0CCF17A6AB4D}.Debug|Mixed Platforms.Build.0 = Debug|Any CPU
		{1BB26715-1B04-4FD0-84E0-0CCF17A6AB4D}.Debug|x64.ActiveCfg = Debug|Any CPU
		{1BB26715-1B04-4FD0-84E0-0CCF17A6AB4D}.Debug|x64.Build.0 = Debug|Any CPU
		{1BB26715-1B04-4FD0-84E0-0CCF17A6AB4D}.Debug|x86.ActiveCfg = Debug|Any CPU
		{1BB26715-1B04-4FD0-84E0-0CCF17A6AB4D}.Debug|x86.Build.0 = Debug|Any CPU
		{1BB26715-1B04-4FD0-84E0-0CCF17A6AB4D}.Release|Any CPU.ActiveCfg = Release|Any CPU
		{1BB26715-1B04-4FD0-84E0-0CCF17A6AB4D}.Release|Any CPU.Build.0 = Release|Any CPU
		{1BB26715-1B04-4FD0-84E0-0CCF17A6AB4D}.Release|Mixed Platforms.ActiveCfg = Release|Any CPU
		{1BB26715-1B04-4FD0-84E0-0CCF17A6AB4D}.Release|Mixed Platforms.Build.0 = Release|Any CPU
		{1BB26715-1B04-4FD0-84E0-0CCF17A6AB4D}.Release|x64.ActiveCfg = Release|Any CPU
		{1BB26715-1B04-4FD0-84E0-0CCF17A6AB4D}.Release|x64.Build.0 = Release|Any CPU
		{1BB26715-1B04-4FD0-84E0-0CCF17A6AB4D}.Release|x86.ActiveCfg = Release|Any CPU
		{1BB26715-1B04-4FD0-84E0-0CCF17A6AB4D}.Release|x86.Build.0 = Release|Any CPU
		{6A6BB4D0-285B-47BB-A477-642AC1FF7E1F}.Debug|Any CPU.ActiveCfg = Debug|Any CPU
		{6A6BB4D0-285B-47BB-A477-642AC1FF7E1F}.Debug|Any CPU.Build.0 = Debug|Any CPU
		{6A6BB4D0-285B-47BB-A477-642AC1FF7E1F}.Debug|Mixed Platforms.ActiveCfg = Debug|Any CPU
		{6A6BB4D0-285B-47BB-A477-642AC1FF7E1F}.Debug|Mixed Platforms.Build.0 = Debug|Any CPU
		{6A6BB4D0-285B-47BB-A477-642AC1FF7E1F}.Debug|x64.ActiveCfg = Debug|Any CPU
		{6A6BB4D0-285B-47BB-A477-642AC1FF7E1F}.Debug|x64.Build.0 = Debug|Any CPU
		{6A6BB4D0-285B-47BB-A477-642AC1FF7E1F}.Debug|x86.ActiveCfg = Debug|Any CPU
		{6A6BB4D0-285B-47BB-A477-642AC1FF7E1F}.Debug|x86.Build.0 = Debug|Any CPU
		{6A6BB4D0-285B-47BB-A477-642AC1FF7E1F}.Release|Any CPU.ActiveCfg = Release|Any CPU
		{6A6BB4D0-285B-47BB-A477-642AC1FF7E1F}.Release|Any CPU.Build.0 = Release|Any CPU
		{6A6BB4D0-285B-47BB-A477-642AC1FF7E1F}.Release|Mixed Platforms.ActiveCfg = Release|Any CPU
		{6A6BB4D0-285B-47BB-A477-642AC1FF7E1F}.Release|Mixed Platforms.Build.0 = Release|Any CPU
		{6A6BB4D0-285B-47BB-A477-642AC1FF7E1F}.Release|x64.ActiveCfg = Release|Any CPU
		{6A6BB4D0-285B-47BB-A477-642AC1FF7E1F}.Release|x64.Build.0 = Release|Any CPU
		{6A6BB4D0-285B-47BB-A477-642AC1FF7E1F}.Release|x86.ActiveCfg = Release|Any CPU
		{6A6BB4D0-285B-47BB-A477-642AC1FF7E1F}.Release|x86.Build.0 = Release|Any CPU
		{CCB4DE09-D2B4-4BF5-AAA0-4B537EBF6AEE}.Debug|Any CPU.ActiveCfg = Debug|Any CPU
		{CCB4DE09-D2B4-4BF5-AAA0-4B537EBF6AEE}.Debug|Any CPU.Build.0 = Debug|Any CPU
		{CCB4DE09-D2B4-4BF5-AAA0-4B537EBF6AEE}.Debug|Mixed Platforms.ActiveCfg = Debug|Any CPU
		{CCB4DE09-D2B4-4BF5-AAA0-4B537EBF6AEE}.Debug|Mixed Platforms.Build.0 = Debug|Any CPU
		{CCB4DE09-D2B4-4BF5-AAA0-4B537EBF6AEE}.Debug|x64.ActiveCfg = Debug|Any CPU
		{CCB4DE09-D2B4-4BF5-AAA0-4B537EBF6AEE}.Debug|x64.Build.0 = Debug|Any CPU
		{CCB4DE09-D2B4-4BF5-AAA0-4B537EBF6AEE}.Debug|x86.ActiveCfg = Debug|Any CPU
		{CCB4DE09-D2B4-4BF5-AAA0-4B537EBF6AEE}.Debug|x86.Build.0 = Debug|Any CPU
		{CCB4DE09-D2B4-4BF5-AAA0-4B537EBF6AEE}.Release|Any CPU.ActiveCfg = Release|Any CPU
		{CCB4DE09-D2B4-4BF5-AAA0-4B537EBF6AEE}.Release|Any CPU.Build.0 = Release|Any CPU
		{CCB4DE09-D2B4-4BF5-AAA0-4B537EBF6AEE}.Release|Mixed Platforms.ActiveCfg = Release|Any CPU
		{CCB4DE09-D2B4-4BF5-AAA0-4B537EBF6AEE}.Release|Mixed Platforms.Build.0 = Release|Any CPU
		{CCB4DE09-D2B4-4BF5-AAA0-4B537EBF6AEE}.Release|x64.ActiveCfg = Release|Any CPU
		{CCB4DE09-D2B4-4BF5-AAA0-4B537EBF6AEE}.Release|x64.Build.0 = Release|Any CPU
		{CCB4DE09-D2B4-4BF5-AAA0-4B537EBF6AEE}.Release|x86.ActiveCfg = Release|Any CPU
		{CCB4DE09-D2B4-4BF5-AAA0-4B537EBF6AEE}.Release|x86.Build.0 = Release|Any CPU
		{E305FB67-5D3D-4515-A7EB-19B34BDB4140}.Debug|Any CPU.ActiveCfg = Debug|Any CPU
		{E305FB67-5D3D-4515-A7EB-19B34BDB4140}.Debug|Any CPU.Build.0 = Debug|Any CPU
		{E305FB67-5D3D-4515-A7EB-19B34BDB4140}.Debug|Mixed Platforms.ActiveCfg = Debug|Any CPU
		{E305FB67-5D3D-4515-A7EB-19B34BDB4140}.Debug|Mixed Platforms.Build.0 = Debug|Any CPU
		{E305FB67-5D3D-4515-A7EB-19B34BDB4140}.Debug|x64.ActiveCfg = Debug|Any CPU
		{E305FB67-5D3D-4515-A7EB-19B34BDB4140}.Debug|x64.Build.0 = Debug|Any CPU
		{E305FB67-5D3D-4515-A7EB-19B34BDB4140}.Debug|x86.ActiveCfg = Debug|Any CPU
		{E305FB67-5D3D-4515-A7EB-19B34BDB4140}.Debug|x86.Build.0 = Debug|Any CPU
		{E305FB67-5D3D-4515-A7EB-19B34BDB4140}.Release|Any CPU.ActiveCfg = Release|Any CPU
		{E305FB67-5D3D-4515-A7EB-19B34BDB4140}.Release|Any CPU.Build.0 = Release|Any CPU
		{E305FB67-5D3D-4515-A7EB-19B34BDB4140}.Release|Mixed Platforms.ActiveCfg = Release|Any CPU
		{E305FB67-5D3D-4515-A7EB-19B34BDB4140}.Release|Mixed Platforms.Build.0 = Release|Any CPU
		{E305FB67-5D3D-4515-A7EB-19B34BDB4140}.Release|x64.ActiveCfg = Release|Any CPU
		{E305FB67-5D3D-4515-A7EB-19B34BDB4140}.Release|x64.Build.0 = Release|Any CPU
		{E305FB67-5D3D-4515-A7EB-19B34BDB4140}.Release|x86.ActiveCfg = Release|Any CPU
		{E305FB67-5D3D-4515-A7EB-19B34BDB4140}.Release|x86.Build.0 = Release|Any CPU
		{73E5CC23-F4F8-4B07-8B10-88B87967DF7E}.Debug|Any CPU.ActiveCfg = Debug|Any CPU
		{73E5CC23-F4F8-4B07-8B10-88B87967DF7E}.Debug|Any CPU.Build.0 = Debug|Any CPU
		{73E5CC23-F4F8-4B07-8B10-88B87967DF7E}.Debug|Mixed Platforms.ActiveCfg = Debug|Any CPU
		{73E5CC23-F4F8-4B07-8B10-88B87967DF7E}.Debug|Mixed Platforms.Build.0 = Debug|Any CPU
		{73E5CC23-F4F8-4B07-8B10-88B87967DF7E}.Debug|x64.ActiveCfg = Debug|Any CPU
		{73E5CC23-F4F8-4B07-8B10-88B87967DF7E}.Debug|x64.Build.0 = Debug|Any CPU
		{73E5CC23-F4F8-4B07-8B10-88B87967DF7E}.Debug|x86.ActiveCfg = Debug|Any CPU
		{73E5CC23-F4F8-4B07-8B10-88B87967DF7E}.Debug|x86.Build.0 = Debug|Any CPU
		{73E5CC23-F4F8-4B07-8B10-88B87967DF7E}.Release|Any CPU.ActiveCfg = Release|Any CPU
		{73E5CC23-F4F8-4B07-8B10-88B87967DF7E}.Release|Any CPU.Build.0 = Release|Any CPU
		{73E5CC23-F4F8-4B07-8B10-88B87967DF7E}.Release|Mixed Platforms.ActiveCfg = Release|Any CPU
		{73E5CC23-F4F8-4B07-8B10-88B87967DF7E}.Release|Mixed Platforms.Build.0 = Release|Any CPU
		{73E5CC23-F4F8-4B07-8B10-88B87967DF7E}.Release|x64.ActiveCfg = Release|Any CPU
		{73E5CC23-F4F8-4B07-8B10-88B87967DF7E}.Release|x64.Build.0 = Release|Any CPU
		{73E5CC23-F4F8-4B07-8B10-88B87967DF7E}.Release|x86.ActiveCfg = Release|Any CPU
		{73E5CC23-F4F8-4B07-8B10-88B87967DF7E}.Release|x86.Build.0 = Release|Any CPU
		{DF359C73-1257-4ED7-A722-47B8A909A827}.Debug|Any CPU.ActiveCfg = Debug|Any CPU
		{DF359C73-1257-4ED7-A722-47B8A909A827}.Debug|Any CPU.Build.0 = Debug|Any CPU
		{DF359C73-1257-4ED7-A722-47B8A909A827}.Debug|Mixed Platforms.ActiveCfg = Debug|Any CPU
		{DF359C73-1257-4ED7-A722-47B8A909A827}.Debug|Mixed Platforms.Build.0 = Debug|Any CPU
		{DF359C73-1257-4ED7-A722-47B8A909A827}.Debug|x64.ActiveCfg = Debug|Any CPU
		{DF359C73-1257-4ED7-A722-47B8A909A827}.Debug|x64.Build.0 = Debug|Any CPU
		{DF359C73-1257-4ED7-A722-47B8A909A827}.Debug|x86.ActiveCfg = Debug|Any CPU
		{DF359C73-1257-4ED7-A722-47B8A909A827}.Debug|x86.Build.0 = Debug|Any CPU
		{DF359C73-1257-4ED7-A722-47B8A909A827}.Release|Any CPU.ActiveCfg = Release|Any CPU
		{DF359C73-1257-4ED7-A722-47B8A909A827}.Release|Any CPU.Build.0 = Release|Any CPU
		{DF359C73-1257-4ED7-A722-47B8A909A827}.Release|Mixed Platforms.ActiveCfg = Release|Any CPU
		{DF359C73-1257-4ED7-A722-47B8A909A827}.Release|Mixed Platforms.Build.0 = Release|Any CPU
		{DF359C73-1257-4ED7-A722-47B8A909A827}.Release|x64.ActiveCfg = Release|Any CPU
		{DF359C73-1257-4ED7-A722-47B8A909A827}.Release|x64.Build.0 = Release|Any CPU
		{DF359C73-1257-4ED7-A722-47B8A909A827}.Release|x86.ActiveCfg = Release|Any CPU
		{DF359C73-1257-4ED7-A722-47B8A909A827}.Release|x86.Build.0 = Release|Any CPU
		{A952D378-826D-4CAB-9C3C-4740ECA33972}.Debug|Any CPU.ActiveCfg = Debug|Any CPU
		{A952D378-826D-4CAB-9C3C-4740ECA33972}.Debug|Any CPU.Build.0 = Debug|Any CPU
		{A952D378-826D-4CAB-9C3C-4740ECA33972}.Debug|Mixed Platforms.ActiveCfg = Debug|Any CPU
		{A952D378-826D-4CAB-9C3C-4740ECA33972}.Debug|Mixed Platforms.Build.0 = Debug|Any CPU
		{A952D378-826D-4CAB-9C3C-4740ECA33972}.Debug|x64.ActiveCfg = Debug|Any CPU
		{A952D378-826D-4CAB-9C3C-4740ECA33972}.Debug|x64.Build.0 = Debug|Any CPU
		{A952D378-826D-4CAB-9C3C-4740ECA33972}.Debug|x86.ActiveCfg = Debug|Any CPU
		{A952D378-826D-4CAB-9C3C-4740ECA33972}.Debug|x86.Build.0 = Debug|Any CPU
		{A952D378-826D-4CAB-9C3C-4740ECA33972}.Release|Any CPU.ActiveCfg = Release|Any CPU
		{A952D378-826D-4CAB-9C3C-4740ECA33972}.Release|Any CPU.Build.0 = Release|Any CPU
		{A952D378-826D-4CAB-9C3C-4740ECA33972}.Release|Mixed Platforms.ActiveCfg = Release|Any CPU
		{A952D378-826D-4CAB-9C3C-4740ECA33972}.Release|Mixed Platforms.Build.0 = Release|Any CPU
		{A952D378-826D-4CAB-9C3C-4740ECA33972}.Release|x64.ActiveCfg = Release|Any CPU
		{A952D378-826D-4CAB-9C3C-4740ECA33972}.Release|x64.Build.0 = Release|Any CPU
		{A952D378-826D-4CAB-9C3C-4740ECA33972}.Release|x86.ActiveCfg = Release|Any CPU
		{A952D378-826D-4CAB-9C3C-4740ECA33972}.Release|x86.Build.0 = Release|Any CPU
		{FECF5B20-CBCA-4286-A531-B752FAA63B37}.Debug|Any CPU.ActiveCfg = Debug|Any CPU
		{FECF5B20-CBCA-4286-A531-B752FAA63B37}.Debug|Any CPU.Build.0 = Debug|Any CPU
		{FECF5B20-CBCA-4286-A531-B752FAA63B37}.Debug|Mixed Platforms.ActiveCfg = Debug|Any CPU
		{FECF5B20-CBCA-4286-A531-B752FAA63B37}.Debug|Mixed Platforms.Build.0 = Debug|Any CPU
		{FECF5B20-CBCA-4286-A531-B752FAA63B37}.Debug|x64.ActiveCfg = Debug|Any CPU
		{FECF5B20-CBCA-4286-A531-B752FAA63B37}.Debug|x64.Build.0 = Debug|Any CPU
		{FECF5B20-CBCA-4286-A531-B752FAA63B37}.Debug|x86.ActiveCfg = Debug|Any CPU
		{FECF5B20-CBCA-4286-A531-B752FAA63B37}.Debug|x86.Build.0 = Debug|Any CPU
		{FECF5B20-CBCA-4286-A531-B752FAA63B37}.Release|Any CPU.ActiveCfg = Release|Any CPU
		{FECF5B20-CBCA-4286-A531-B752FAA63B37}.Release|Any CPU.Build.0 = Release|Any CPU
		{FECF5B20-CBCA-4286-A531-B752FAA63B37}.Release|Mixed Platforms.ActiveCfg = Release|Any CPU
		{FECF5B20-CBCA-4286-A531-B752FAA63B37}.Release|Mixed Platforms.Build.0 = Release|Any CPU
		{FECF5B20-CBCA-4286-A531-B752FAA63B37}.Release|x64.ActiveCfg = Release|Any CPU
		{FECF5B20-CBCA-4286-A531-B752FAA63B37}.Release|x64.Build.0 = Release|Any CPU
		{FECF5B20-CBCA-4286-A531-B752FAA63B37}.Release|x86.ActiveCfg = Release|Any CPU
		{FECF5B20-CBCA-4286-A531-B752FAA63B37}.Release|x86.Build.0 = Release|Any CPU
		{386257A7-7E4D-4E49-9A3B-743C800D5F7D}.Debug|Any CPU.ActiveCfg = Debug|Any CPU
		{386257A7-7E4D-4E49-9A3B-743C800D5F7D}.Debug|Any CPU.Build.0 = Debug|Any CPU
		{386257A7-7E4D-4E49-9A3B-743C800D5F7D}.Debug|Mixed Platforms.ActiveCfg = Debug|Any CPU
		{386257A7-7E4D-4E49-9A3B-743C800D5F7D}.Debug|Mixed Platforms.Build.0 = Debug|Any CPU
		{386257A7-7E4D-4E49-9A3B-743C800D5F7D}.Debug|x64.ActiveCfg = Debug|Any CPU
		{386257A7-7E4D-4E49-9A3B-743C800D5F7D}.Debug|x64.Build.0 = Debug|Any CPU
		{386257A7-7E4D-4E49-9A3B-743C800D5F7D}.Debug|x86.ActiveCfg = Debug|Any CPU
		{386257A7-7E4D-4E49-9A3B-743C800D5F7D}.Debug|x86.Build.0 = Debug|Any CPU
		{386257A7-7E4D-4E49-9A3B-743C800D5F7D}.Release|Any CPU.ActiveCfg = Release|Any CPU
		{386257A7-7E4D-4E49-9A3B-743C800D5F7D}.Release|Any CPU.Build.0 = Release|Any CPU
		{386257A7-7E4D-4E49-9A3B-743C800D5F7D}.Release|Mixed Platforms.ActiveCfg = Release|Any CPU
		{386257A7-7E4D-4E49-9A3B-743C800D5F7D}.Release|Mixed Platforms.Build.0 = Release|Any CPU
		{386257A7-7E4D-4E49-9A3B-743C800D5F7D}.Release|x64.ActiveCfg = Release|Any CPU
		{386257A7-7E4D-4E49-9A3B-743C800D5F7D}.Release|x64.Build.0 = Release|Any CPU
		{386257A7-7E4D-4E49-9A3B-743C800D5F7D}.Release|x86.ActiveCfg = Release|Any CPU
		{386257A7-7E4D-4E49-9A3B-743C800D5F7D}.Release|x86.Build.0 = Release|Any CPU
		{7761CA31-58C5-42E5-B6BE-2DE122D7A207}.Debug|Any CPU.ActiveCfg = Debug|Any CPU
		{7761CA31-58C5-42E5-B6BE-2DE122D7A207}.Debug|Any CPU.Build.0 = Debug|Any CPU
		{7761CA31-58C5-42E5-B6BE-2DE122D7A207}.Debug|Mixed Platforms.ActiveCfg = Debug|Any CPU
		{7761CA31-58C5-42E5-B6BE-2DE122D7A207}.Debug|Mixed Platforms.Build.0 = Debug|Any CPU
		{7761CA31-58C5-42E5-B6BE-2DE122D7A207}.Debug|x64.ActiveCfg = Debug|Any CPU
		{7761CA31-58C5-42E5-B6BE-2DE122D7A207}.Debug|x64.Build.0 = Debug|Any CPU
		{7761CA31-58C5-42E5-B6BE-2DE122D7A207}.Debug|x86.ActiveCfg = Debug|Any CPU
		{7761CA31-58C5-42E5-B6BE-2DE122D7A207}.Debug|x86.Build.0 = Debug|Any CPU
		{7761CA31-58C5-42E5-B6BE-2DE122D7A207}.Release|Any CPU.ActiveCfg = Release|Any CPU
		{7761CA31-58C5-42E5-B6BE-2DE122D7A207}.Release|Any CPU.Build.0 = Release|Any CPU
		{7761CA31-58C5-42E5-B6BE-2DE122D7A207}.Release|Mixed Platforms.ActiveCfg = Release|Any CPU
		{7761CA31-58C5-42E5-B6BE-2DE122D7A207}.Release|Mixed Platforms.Build.0 = Release|Any CPU
		{7761CA31-58C5-42E5-B6BE-2DE122D7A207}.Release|x64.ActiveCfg = Release|Any CPU
		{7761CA31-58C5-42E5-B6BE-2DE122D7A207}.Release|x64.Build.0 = Release|Any CPU
		{7761CA31-58C5-42E5-B6BE-2DE122D7A207}.Release|x86.ActiveCfg = Release|Any CPU
		{7761CA31-58C5-42E5-B6BE-2DE122D7A207}.Release|x86.Build.0 = Release|Any CPU
		{4121785F-8F3B-4F95-A0F6-52DF725831BA}.Debug|Any CPU.ActiveCfg = Debug|Any CPU
		{4121785F-8F3B-4F95-A0F6-52DF725831BA}.Debug|Any CPU.Build.0 = Debug|Any CPU
		{4121785F-8F3B-4F95-A0F6-52DF725831BA}.Debug|Mixed Platforms.ActiveCfg = Debug|Any CPU
		{4121785F-8F3B-4F95-A0F6-52DF725831BA}.Debug|Mixed Platforms.Build.0 = Debug|Any CPU
		{4121785F-8F3B-4F95-A0F6-52DF725831BA}.Debug|x64.ActiveCfg = Debug|Any CPU
		{4121785F-8F3B-4F95-A0F6-52DF725831BA}.Debug|x64.Build.0 = Debug|Any CPU
		{4121785F-8F3B-4F95-A0F6-52DF725831BA}.Debug|x86.ActiveCfg = Debug|Any CPU
		{4121785F-8F3B-4F95-A0F6-52DF725831BA}.Debug|x86.Build.0 = Debug|Any CPU
		{4121785F-8F3B-4F95-A0F6-52DF725831BA}.Release|Any CPU.ActiveCfg = Release|Any CPU
		{4121785F-8F3B-4F95-A0F6-52DF725831BA}.Release|Any CPU.Build.0 = Release|Any CPU
		{4121785F-8F3B-4F95-A0F6-52DF725831BA}.Release|Mixed Platforms.ActiveCfg = Release|Any CPU
		{4121785F-8F3B-4F95-A0F6-52DF725831BA}.Release|Mixed Platforms.Build.0 = Release|Any CPU
		{4121785F-8F3B-4F95-A0F6-52DF725831BA}.Release|x64.ActiveCfg = Release|Any CPU
		{4121785F-8F3B-4F95-A0F6-52DF725831BA}.Release|x64.Build.0 = Release|Any CPU
		{4121785F-8F3B-4F95-A0F6-52DF725831BA}.Release|x86.ActiveCfg = Release|Any CPU
		{4121785F-8F3B-4F95-A0F6-52DF725831BA}.Release|x86.Build.0 = Release|Any CPU
		{92645AB5-19DA-4FB9-ABF6-68E7C77DA261}.Debug|Any CPU.ActiveCfg = Debug|Any CPU
		{92645AB5-19DA-4FB9-ABF6-68E7C77DA261}.Debug|Any CPU.Build.0 = Debug|Any CPU
		{92645AB5-19DA-4FB9-ABF6-68E7C77DA261}.Debug|Mixed Platforms.ActiveCfg = Debug|Any CPU
		{92645AB5-19DA-4FB9-ABF6-68E7C77DA261}.Debug|Mixed Platforms.Build.0 = Debug|Any CPU
		{92645AB5-19DA-4FB9-ABF6-68E7C77DA261}.Debug|x64.ActiveCfg = Debug|Any CPU
		{92645AB5-19DA-4FB9-ABF6-68E7C77DA261}.Debug|x64.Build.0 = Debug|Any CPU
		{92645AB5-19DA-4FB9-ABF6-68E7C77DA261}.Debug|x86.ActiveCfg = Debug|Any CPU
		{92645AB5-19DA-4FB9-ABF6-68E7C77DA261}.Debug|x86.Build.0 = Debug|Any CPU
		{92645AB5-19DA-4FB9-ABF6-68E7C77DA261}.Release|Any CPU.ActiveCfg = Release|Any CPU
		{92645AB5-19DA-4FB9-ABF6-68E7C77DA261}.Release|Any CPU.Build.0 = Release|Any CPU
		{92645AB5-19DA-4FB9-ABF6-68E7C77DA261}.Release|Mixed Platforms.ActiveCfg = Release|Any CPU
		{92645AB5-19DA-4FB9-ABF6-68E7C77DA261}.Release|Mixed Platforms.Build.0 = Release|Any CPU
		{92645AB5-19DA-4FB9-ABF6-68E7C77DA261}.Release|x64.ActiveCfg = Release|Any CPU
		{92645AB5-19DA-4FB9-ABF6-68E7C77DA261}.Release|x64.Build.0 = Release|Any CPU
		{92645AB5-19DA-4FB9-ABF6-68E7C77DA261}.Release|x86.ActiveCfg = Release|Any CPU
		{92645AB5-19DA-4FB9-ABF6-68E7C77DA261}.Release|x86.Build.0 = Release|Any CPU
		{DD5A497F-0BD9-46BD-950C-9CC896BF64B3}.Debug|Any CPU.ActiveCfg = Debug|Any CPU
		{DD5A497F-0BD9-46BD-950C-9CC896BF64B3}.Debug|Any CPU.Build.0 = Debug|Any CPU
		{DD5A497F-0BD9-46BD-950C-9CC896BF64B3}.Debug|Mixed Platforms.ActiveCfg = Debug|Any CPU
		{DD5A497F-0BD9-46BD-950C-9CC896BF64B3}.Debug|Mixed Platforms.Build.0 = Debug|Any CPU
		{DD5A497F-0BD9-46BD-950C-9CC896BF64B3}.Debug|x64.ActiveCfg = Debug|Any CPU
		{DD5A497F-0BD9-46BD-950C-9CC896BF64B3}.Debug|x64.Build.0 = Debug|Any CPU
		{DD5A497F-0BD9-46BD-950C-9CC896BF64B3}.Debug|x86.ActiveCfg = Debug|Any CPU
		{DD5A497F-0BD9-46BD-950C-9CC896BF64B3}.Debug|x86.Build.0 = Debug|Any CPU
		{DD5A497F-0BD9-46BD-950C-9CC896BF64B3}.Release|Any CPU.ActiveCfg = Release|Any CPU
		{DD5A497F-0BD9-46BD-950C-9CC896BF64B3}.Release|Any CPU.Build.0 = Release|Any CPU
		{DD5A497F-0BD9-46BD-950C-9CC896BF64B3}.Release|Mixed Platforms.ActiveCfg = Release|Any CPU
		{DD5A497F-0BD9-46BD-950C-9CC896BF64B3}.Release|Mixed Platforms.Build.0 = Release|Any CPU
		{DD5A497F-0BD9-46BD-950C-9CC896BF64B3}.Release|x64.ActiveCfg = Release|Any CPU
		{DD5A497F-0BD9-46BD-950C-9CC896BF64B3}.Release|x64.Build.0 = Release|Any CPU
		{DD5A497F-0BD9-46BD-950C-9CC896BF64B3}.Release|x86.ActiveCfg = Release|Any CPU
		{DD5A497F-0BD9-46BD-950C-9CC896BF64B3}.Release|x86.Build.0 = Release|Any CPU
		{7FE1C378-354B-4E3E-812F-1B99469A8150}.Debug|Any CPU.ActiveCfg = Debug|Any CPU
		{7FE1C378-354B-4E3E-812F-1B99469A8150}.Debug|Any CPU.Build.0 = Debug|Any CPU
		{7FE1C378-354B-4E3E-812F-1B99469A8150}.Debug|Mixed Platforms.ActiveCfg = Debug|Any CPU
		{7FE1C378-354B-4E3E-812F-1B99469A8150}.Debug|Mixed Platforms.Build.0 = Debug|Any CPU
		{7FE1C378-354B-4E3E-812F-1B99469A8150}.Debug|x64.ActiveCfg = Debug|Any CPU
		{7FE1C378-354B-4E3E-812F-1B99469A8150}.Debug|x64.Build.0 = Debug|Any CPU
		{7FE1C378-354B-4E3E-812F-1B99469A8150}.Debug|x86.ActiveCfg = Debug|Any CPU
		{7FE1C378-354B-4E3E-812F-1B99469A8150}.Debug|x86.Build.0 = Debug|Any CPU
		{7FE1C378-354B-4E3E-812F-1B99469A8150}.Release|Any CPU.ActiveCfg = Release|Any CPU
		{7FE1C378-354B-4E3E-812F-1B99469A8150}.Release|Any CPU.Build.0 = Release|Any CPU
		{7FE1C378-354B-4E3E-812F-1B99469A8150}.Release|Mixed Platforms.ActiveCfg = Release|Any CPU
		{7FE1C378-354B-4E3E-812F-1B99469A8150}.Release|Mixed Platforms.Build.0 = Release|Any CPU
		{7FE1C378-354B-4E3E-812F-1B99469A8150}.Release|x64.ActiveCfg = Release|Any CPU
		{7FE1C378-354B-4E3E-812F-1B99469A8150}.Release|x64.Build.0 = Release|Any CPU
		{7FE1C378-354B-4E3E-812F-1B99469A8150}.Release|x86.ActiveCfg = Release|Any CPU
		{7FE1C378-354B-4E3E-812F-1B99469A8150}.Release|x86.Build.0 = Release|Any CPU
		{58937FB5-4DF7-4673-8B22-D4EFCC08968B}.Debug|Any CPU.ActiveCfg = Debug|Any CPU
		{58937FB5-4DF7-4673-8B22-D4EFCC08968B}.Debug|Any CPU.Build.0 = Debug|Any CPU
		{58937FB5-4DF7-4673-8B22-D4EFCC08968B}.Debug|Mixed Platforms.ActiveCfg = Debug|Any CPU
		{58937FB5-4DF7-4673-8B22-D4EFCC08968B}.Debug|Mixed Platforms.Build.0 = Debug|Any CPU
		{58937FB5-4DF7-4673-8B22-D4EFCC08968B}.Debug|x64.ActiveCfg = Debug|Any CPU
		{58937FB5-4DF7-4673-8B22-D4EFCC08968B}.Debug|x64.Build.0 = Debug|Any CPU
		{58937FB5-4DF7-4673-8B22-D4EFCC08968B}.Debug|x86.ActiveCfg = Debug|Any CPU
		{58937FB5-4DF7-4673-8B22-D4EFCC08968B}.Debug|x86.Build.0 = Debug|Any CPU
		{58937FB5-4DF7-4673-8B22-D4EFCC08968B}.Release|Any CPU.ActiveCfg = Release|Any CPU
		{58937FB5-4DF7-4673-8B22-D4EFCC08968B}.Release|Any CPU.Build.0 = Release|Any CPU
		{58937FB5-4DF7-4673-8B22-D4EFCC08968B}.Release|Mixed Platforms.ActiveCfg = Release|Any CPU
		{58937FB5-4DF7-4673-8B22-D4EFCC08968B}.Release|Mixed Platforms.Build.0 = Release|Any CPU
		{58937FB5-4DF7-4673-8B22-D4EFCC08968B}.Release|x64.ActiveCfg = Release|Any CPU
		{58937FB5-4DF7-4673-8B22-D4EFCC08968B}.Release|x64.Build.0 = Release|Any CPU
		{58937FB5-4DF7-4673-8B22-D4EFCC08968B}.Release|x86.ActiveCfg = Release|Any CPU
		{58937FB5-4DF7-4673-8B22-D4EFCC08968B}.Release|x86.Build.0 = Release|Any CPU
		{030D2C98-6621-4737-B465-A1FA48B701BC}.Debug|Any CPU.ActiveCfg = Debug|Any CPU
		{030D2C98-6621-4737-B465-A1FA48B701BC}.Debug|Any CPU.Build.0 = Debug|Any CPU
		{030D2C98-6621-4737-B465-A1FA48B701BC}.Debug|Mixed Platforms.ActiveCfg = Debug|Any CPU
		{030D2C98-6621-4737-B465-A1FA48B701BC}.Debug|Mixed Platforms.Build.0 = Debug|Any CPU
		{030D2C98-6621-4737-B465-A1FA48B701BC}.Debug|x64.ActiveCfg = Debug|Any CPU
		{030D2C98-6621-4737-B465-A1FA48B701BC}.Debug|x64.Build.0 = Debug|Any CPU
		{030D2C98-6621-4737-B465-A1FA48B701BC}.Debug|x86.ActiveCfg = Debug|Any CPU
		{030D2C98-6621-4737-B465-A1FA48B701BC}.Debug|x86.Build.0 = Debug|Any CPU
		{030D2C98-6621-4737-B465-A1FA48B701BC}.Release|Any CPU.ActiveCfg = Release|Any CPU
		{030D2C98-6621-4737-B465-A1FA48B701BC}.Release|Any CPU.Build.0 = Release|Any CPU
		{030D2C98-6621-4737-B465-A1FA48B701BC}.Release|Mixed Platforms.ActiveCfg = Release|Any CPU
		{030D2C98-6621-4737-B465-A1FA48B701BC}.Release|Mixed Platforms.Build.0 = Release|Any CPU
		{030D2C98-6621-4737-B465-A1FA48B701BC}.Release|x64.ActiveCfg = Release|Any CPU
		{030D2C98-6621-4737-B465-A1FA48B701BC}.Release|x64.Build.0 = Release|Any CPU
		{030D2C98-6621-4737-B465-A1FA48B701BC}.Release|x86.ActiveCfg = Release|Any CPU
		{030D2C98-6621-4737-B465-A1FA48B701BC}.Release|x86.Build.0 = Release|Any CPU
	EndGlobalSection
	GlobalSection(SolutionProperties) = preSolution
		HideSolutionNode = FALSE
	EndGlobalSection
	GlobalSection(ExtensibilityGlobals) = postSolution
		SolutionGuid = {6DDCBD8A-8DFD-4784-8680-A814687CE697}
	EndGlobalSection
EndGlobal
